PODS:
  - provider (0.0.1316)
  - res (0.0.1316)

DEPENDENCIES:
  - provider (from `../provider/provider.podspec`)
  - res (from `../res/res.podspec`)

EXTERNAL SOURCES:
  provider:
    :path: "../provider/provider.podspec"
  res:
    :path: "../res/res.podspec"

SPEC CHECKSUMS:
  provider: 98369d86485e6ac9a5a59c6d946526b0af98abc2
  res: 93308f997003d60978588c10a634677c6d9a69e6

PODFILE CHECKSUM: f61a561b41da1e6b24e8a3e586530271ce1c87a7

COCOAPODS: 1.11.3
